
Microsoft Visual Studio Solution File, Format Version 12.00
# Visual Studio 15
VisualStudioVersion = 15.0.26124.0
MinimumVisualStudioVersion = 15.0.26124.0
Project("{9A19103F-16F7-4668-BE54-9A1E7A4F7556}") = "R5T.D0001.Construction", "R5T.D0001.Construction\R5T.D0001.Construction.csproj", "{7F22E75E-4201-415C-87A4-9B9CC8E33964}"
EndProject
Project("{9A19103F-16F7-4668-BE54-9A1E7A4F7556}") = "R5T.D0001", "R5T.D0001\R5T.D0001.csproj", "{B504D223-956B-4E3A-A45C-1EF25D2D1B85}"
EndProject
Project("{9A19103F-16F7-4668-BE54-9A1E7A4F7556}") = "R5T.D0001.Base", "R5T.D0001.Base\R5T.D0001.Base.csproj", "{7E14E1C2-232D-411F-9667-50527F91BA1D}"
EndProject
Project("{9A19103F-16F7-4668-BE54-9A1E7A4F7556}") = "R5T.D0001.Default", "R5T.D0001.Default\R5T.D0001.Default.csproj", "{1D2DFE29-1652-4618-A5B6-F4BFFA64412E}"
EndProject
Project("{2150E333-8FDC-42A3-9474-1A3956D46DE8}") = "_Dependencies", "_Dependencies", "{E7F3B20A-2C83-4A29-B125-2294E2CE4F3F}"
EndProject
Project("{9A19103F-16F7-4668-BE54-9A1E7A4F7556}") = "R5T.Dacia.Extensions", "..\..\R5T.Dacia.Extensions\source\R5T.Dacia.Extensions\R5T.Dacia.Extensions.csproj", "{901EDBD5-1B8B-46AD-AD8C-4A75C442F852}"
EndProject
Project("{9A19103F-16F7-4668-BE54-9A1E7A4F7556}") = "R5T.Dacia", "..\..\R5T.Dacia\source\R5T.Dacia\R5T.Dacia.csproj", "{E60B5BE2-66C9-46E0-826A-B2C62CE1AFDB}"
EndProject
Project("{FAE04EC0-301F-11D3-BF4B-00C04F79EFBC}") = "R5T.D0001.Standard", "R5T.D0001.Standard\R5T.D0001.Standard.csproj", "{2C789D32-9C0F-4294-895E-47EFA967E5AD}"
EndProject
Global
	GlobalSection(SolutionConfigurationPlatforms) = preSolution
		Debug|Any CPU = Debug|Any CPU
		Debug|x64 = Debug|x64
		Debug|x86 = Debug|x86
		Release|Any CPU = Release|Any CPU
		Release|x64 = Release|x64
		Release|x86 = Release|x86
	EndGlobalSection
	GlobalSection(ProjectConfigurationPlatforms) = postSolution
		{7F22E75E-4201-415C-87A4-9B9CC8E33964}.Debug|Any CPU.ActiveCfg = Debug|Any CPU
		{7F22E75E-4201-415C-87A4-9B9CC8E33964}.Debug|Any CPU.Build.0 = Debug|Any CPU
		{7F22E75E-4201-415C-87A4-9B9CC8E33964}.Debug|x64.ActiveCfg = Debug|Any CPU
		{7F22E75E-4201-415C-87A4-9B9CC8E33964}.Debug|x64.Build.0 = Debug|Any CPU
		{7F22E75E-4201-415C-87A4-9B9CC8E33964}.Debug|x86.ActiveCfg = Debug|Any CPU
		{7F22E75E-4201-415C-87A4-9B9CC8E33964}.Debug|x86.Build.0 = Debug|Any CPU
		{7F22E75E-4201-415C-87A4-9B9CC8E33964}.Release|Any CPU.ActiveCfg = Release|Any CPU
		{7F22E75E-4201-415C-87A4-9B9CC8E33964}.Release|Any CPU.Build.0 = Release|Any CPU
		{7F22E75E-4201-415C-87A4-9B9CC8E33964}.Release|x64.ActiveCfg = Release|Any CPU
		{7F22E75E-4201-415C-87A4-9B9CC8E33964}.Release|x64.Build.0 = Release|Any CPU
		{7F22E75E-4201-415C-87A4-9B9CC8E33964}.Release|x86.ActiveCfg = Release|Any CPU
		{7F22E75E-4201-415C-87A4-9B9CC8E33964}.Release|x86.Build.0 = Release|Any CPU
		{B504D223-956B-4E3A-A45C-1EF25D2D1B85}.Debug|Any CPU.ActiveCfg = Debug|Any CPU
		{B504D223-956B-4E3A-A45C-1EF25D2D1B85}.Debug|Any CPU.Build.0 = Debug|Any CPU
		{B504D223-956B-4E3A-A45C-1EF25D2D1B85}.Debug|x64.ActiveCfg = Debug|Any CPU
		{B504D223-956B-4E3A-A45C-1EF25D2D1B85}.Debug|x64.Build.0 = Debug|Any CPU
		{B504D223-956B-4E3A-A45C-1EF25D2D1B85}.Debug|x86.ActiveCfg = Debug|Any CPU
		{B504D223-956B-4E3A-A45C-1EF25D2D1B85}.Debug|x86.Build.0 = Debug|Any CPU
		{B504D223-956B-4E3A-A45C-1EF25D2D1B85}.Release|Any CPU.ActiveCfg = Release|Any CPU
		{B504D223-956B-4E3A-A45C-1EF25D2D1B85}.Release|Any CPU.Build.0 = Release|Any CPU
		{B504D223-956B-4E3A-A45C-1EF25D2D1B85}.Release|x64.ActiveCfg = Release|Any CPU
		{B504D223-956B-4E3A-A45C-1EF25D2D1B85}.Release|x64.Build.0 = Release|Any CPU
		{B504D223-956B-4E3A-A45C-1EF25D2D1B85}.Release|x86.ActiveCfg = Release|Any CPU
		{B504D223-956B-4E3A-A45C-1EF25D2D1B85}.Release|x86.Build.0 = Release|Any CPU
		{7E14E1C2-232D-411F-9667-50527F91BA1D}.Debug|Any CPU.ActiveCfg = Debug|Any CPU
		{7E14E1C2-232D-411F-9667-50527F91BA1D}.Debug|Any CPU.Build.0 = Debug|Any CPU
		{7E14E1C2-232D-411F-9667-50527F91BA1D}.Debug|x64.ActiveCfg = Debug|Any CPU
		{7E14E1C2-232D-411F-9667-50527F91BA1D}.Debug|x64.Build.0 = Debug|Any CPU
		{7E14E1C2-232D-411F-9667-50527F91BA1D}.Debug|x86.ActiveCfg = Debug|Any CPU
		{7E14E1C2-232D-411F-9667-50527F91BA1D}.Debug|x86.Build.0 = Debug|Any CPU
		{7E14E1C2-232D-411F-9667-50527F91BA1D}.Release|Any CPU.ActiveCfg = Release|Any CPU
		{7E14E1C2-232D-411F-9667-50527F91BA1D}.Release|Any CPU.Build.0 = Release|Any CPU
		{7E14E1C2-232D-411F-9667-50527F91BA1D}.Release|x64.ActiveCfg = Release|Any CPU
		{7E14E1C2-232D-411F-9667-50527F91BA1D}.Release|x64.Build.0 = Release|Any CPU
		{7E14E1C2-232D-411F-9667-50527F91BA1D}.Release|x86.ActiveCfg = Release|Any CPU
		{7E14E1C2-232D-411F-9667-50527F91BA1D}.Release|x86.Build.0 = Release|Any CPU
		{1D2DFE29-1652-4618-A5B6-F4BFFA64412E}.Debug|Any CPU.ActiveCfg = Debug|Any CPU
		{1D2DFE29-1652-4618-A5B6-F4BFFA64412E}.Debug|Any CPU.Build.0 = Debug|Any CPU
		{1D2DFE29-1652-4618-A5B6-F4BFFA64412E}.Debug|x64.ActiveCfg = Debug|Any CPU
		{1D2DFE29-1652-4618-A5B6-F4BFFA64412E}.Debug|x64.Build.0 = Debug|Any CPU
		{1D2DFE29-1652-4618-A5B6-F4BFFA64412E}.Debug|x86.ActiveCfg = Debug|Any CPU
		{1D2DFE29-1652-4618-A5B6-F4BFFA64412E}.Debug|x86.Build.0 = Debug|Any CPU
		{1D2DFE29-1652-4618-A5B6-F4BFFA64412E}.Release|Any CPU.ActiveCfg = Release|Any CPU
		{1D2DFE29-1652-4618-A5B6-F4BFFA64412E}.Release|Any CPU.Build.0 = Release|Any CPU
		{1D2DFE29-1652-4618-A5B6-F4BFFA64412E}.Release|x64.ActiveCfg = Release|Any CPU
		{1D2DFE29-1652-4618-A5B6-F4BFFA64412E}.Release|x64.Build.0 = Release|Any CPU
		{1D2DFE29-1652-4618-A5B6-F4BFFA64412E}.Release|x86.ActiveCfg = Release|Any CPU
		{1D2DFE29-1652-4618-A5B6-F4BFFA64412E}.Release|x86.Build.0 = Release|Any CPU
		{901EDBD5-1B8B-46AD-AD8C-4A75C442F852}.Debug|Any CPU.ActiveCfg = Debug|Any CPU
		{901EDBD5-1B8B-46AD-AD8C-4A75C442F852}.Debug|Any CPU.Build.0 = Debug|Any CPU
		{901EDBD5-1B8B-46AD-AD8C-4A75C442F852}.Debug|x64.ActiveCfg = Debug|Any CPU
		{901EDBD5-1B8B-46AD-AD8C-4A75C442F852}.Debug|x64.Build.0 = Debug|Any CPU
		{901EDBD5-1B8B-46AD-AD8C-4A75C442F852}.Debug|x86.ActiveCfg = Debug|Any CPU
		{901EDBD5-1B8B-46AD-AD8C-4A75C442F852}.Debug|x86.Build.0 = Debug|Any CPU
		{901EDBD5-1B8B-46AD-AD8C-4A75C442F852}.Release|Any CPU.ActiveCfg = Release|Any CPU
		{901EDBD5-1B8B-46AD-AD8C-4A75C442F852}.Release|Any CPU.Build.0 = Release|Any CPU
		{901EDBD5-1B8B-46AD-AD8C-4A75C442F852}.Release|x64.ActiveCfg = Release|Any CPU
		{901EDBD5-1B8B-46AD-AD8C-4A75C442F852}.Release|x64.Build.0 = Release|Any CPU
		{901EDBD5-1B8B-46AD-AD8C-4A75C442F852}.Release|x86.ActiveCfg = Release|Any CPU
		{901EDBD5-1B8B-46AD-AD8C-4A75C442F852}.Release|x86.Build.0 = Release|Any CPU
		{E60B5BE2-66C9-46E0-826A-B2C62CE1AFDB}.Debug|Any CPU.ActiveCfg = Debug|Any CPU
		{E60B5BE2-66C9-46E0-826A-B2C62CE1AFDB}.Debug|Any CPU.Build.0 = Debug|Any CPU
		{E60B5BE2-66C9-46E0-826A-B2C62CE1AFDB}.Debug|x64.ActiveCfg = Debug|Any CPU
		{E60B5BE2-66C9-46E0-826A-B2C62CE1AFDB}.Debug|x64.Build.0 = Debug|Any CPU
		{E60B5BE2-66C9-46E0-826A-B2C62CE1AFDB}.Debug|x86.ActiveCfg = Debug|Any CPU
		{E60B5BE2-66C9-46E0-826A-B2C62CE1AFDB}.Debug|x86.Build.0 = Debug|Any CPU
		{E60B5BE2-66C9-46E0-826A-B2C62CE1AFDB}.Release|Any CPU.ActiveCfg = Release|Any CPU
		{E60B5BE2-66C9-46E0-826A-B2C62CE1AFDB}.Release|Any CPU.Build.0 = Release|Any CPU
		{E60B5BE2-66C9-46E0-826A-B2C62CE1AFDB}.Release|x64.ActiveCfg = Release|Any CPU
		{E60B5BE2-66C9-46E0-826A-B2C62CE1AFDB}.Release|x64.Build.0 = Release|Any CPU
		{E60B5BE2-66C9-46E0-826A-B2C62CE1AFDB}.Release|x86.ActiveCfg = Release|Any CPU
		{E60B5BE2-66C9-46E0-826A-B2C62CE1AFDB}.Release|x86.Build.0 = Release|Any CPU
		{2C789D32-9C0F-4294-895E-47EFA967E5AD}.Debug|Any CPU.ActiveCfg = Debug|Any CPU
		{2C789D32-9C0F-4294-895E-47EFA967E5AD}.Debug|Any CPU.Build.0 = Debug|Any CPU
		{2C789D32-9C0F-4294-895E-47EFA967E5AD}.Debug|x64.ActiveCfg = Debug|Any CPU
		{2C789D32-9C0F-4294-895E-47EFA967E5AD}.Debug|x64.Build.0 = Debug|Any CPU
		{2C789D32-9C0F-4294-895E-47EFA967E5AD}.Debug|x86.ActiveCfg = Debug|Any CPU
		{2C789D32-9C0F-4294-895E-47EFA967E5AD}.Debug|x86.Build.0 = Debug|Any CPU
		{2C789D32-9C0F-4294-895E-47EFA967E5AD}.Release|Any CPU.ActiveCfg = Release|Any CPU
		{2C789D32-9C0F-4294-895E-47EFA967E5AD}.Release|Any CPU.Build.0 = Release|Any CPU
		{2C789D32-9C0F-4294-895E-47EFA967E5AD}.Release|x64.ActiveCfg = Release|Any CPU
		{2C789D32-9C0F-4294-895E-47EFA967E5AD}.Release|x64.Build.0 = Release|Any CPU
		{2C789D32-9C0F-4294-895E-47EFA967E5AD}.Release|x86.ActiveCfg = Release|Any CPU
		{2C789D32-9C0F-4294-895E-47EFA967E5AD}.Release|x86.Build.0 = Release|Any CPU
	EndGlobalSection
	GlobalSection(SolutionProperties) = preSolution
		HideSolutionNode = FALSE
	EndGlobalSection
	GlobalSection(NestedProjects) = preSolution
		{901EDBD5-1B8B-46AD-AD8C-4A75C442F852} = {E7F3B20A-2C83-4A29-B125-2294E2CE4F3F}
		{E60B5BE2-66C9-46E0-826A-B2C62CE1AFDB} = {E7F3B20A-2C83-4A29-B125-2294E2CE4F3F}
	EndGlobalSection
	GlobalSection(ExtensibilityGlobals) = postSolution
		SolutionGuid = {EB387A91-DB4E-42C7-9002-D0610C021799}
	EndGlobalSection
EndGlobal
